
Microsoft Visual Studio Solution File, Format Version 12.00
# Visual Studio Version 17
VisualStudioVersion = 17.7.34031.279
MinimumVisualStudioVersion = 10.0.40219.1
Project("{8BC9CEB8-8B4A-11D0-8D11-00A0C91BC942}") = "JocNumeroAleatori", "JocNumeroAleatori\JocNumeroAleatori.vcxproj", "{3D3F3A17-B834-413D-BD97-E4D798487C20}"
EndProject
Global
	GlobalSection(SolutionConfigurationPlatforms) = preSolution
		Debug|x64 = Debug|x64
		Debug|x86 = Debug|x86
		Release|x64 = Release|x64
		Release|x86 = Release|x86
	EndGlobalSection
	GlobalSection(ProjectConfigurationPlatforms) = postSolution
		{3D3F3A17-B834-413D-BD97-E4D798487C20}.Debug|x64.ActiveCfg = Debug|x64
		{3D3F3A17-B834-413D-BD97-E4D798487C20}.Debug|x64.Build.0 = Debug|x64
		{3D3F3A17-B834-413D-BD97-E4D798487C20}.Debug|x86.ActiveCfg = Debug|Win32
		{3D3F3A17-B834-413D-BD97-E4D798487C20}.Debug|x86.Build.0 = Debug|Win32
		{3D3F3A17-B834-413D-BD97-E4D798487C20}.Release|x64.ActiveCfg = Release|x64
		{3D3F3A17-B834-413D-BD97-E4D798487C20}.Release|x64.Build.0 = Release|x64
		{3D3F3A17-B834-413D-BD97-E4D798487C20}.Release|x86.ActiveCfg = Release|Win32
		{3D3F3A17-B834-413D-BD97-E4D798487C20}.Release|x86.Build.0 = Release|Win32
	EndGlobalSection
	GlobalSection(SolutionProperties) = preSolution
		HideSolutionNode = FALSE
	EndGlobalSection
	GlobalSection(ExtensibilityGlobals) = postSolution
		SolutionGuid = {65E8F4AE-7C88-48E5-A1A1-6631A5590A11}
	EndGlobalSection
EndGlobal
